
Microsoft Visual Studio Solution File, Format Version 12.00
# Visual Studio 15
VisualStudioVersion = 15.0.27004.2002
MinimumVisualStudioVersion = 10.0.40219.1
Project("{FAE04EC0-301F-11D3-BF4B-00C04F79EFBC}") = "MushROMs", "MushROMs\MushROMs.csproj", "{37465DD1-993C-46D2-A995-0E204A5BAFAA}"
EndProject
Project("{FAE04EC0-301F-11D3-BF4B-00C04F79EFBC}") = "Helper", "Helper\Helper.csproj", "{6E9940F3-99D2-4F1F-B476-F3B9964D1C76}"
EndProject
Project("{FAE04EC0-301F-11D3-BF4B-00C04F79EFBC}") = "Tests.Helper", "Tests.Helper\Tests.Helper.csproj", "{7D9C71EA-F33B-4654-9163-E3E5861996C8}"
EndProject
Project("{FAE04EC0-301F-11D3-BF4B-00C04F79EFBC}") = "MushROMs.SMAS", "MushROMs.SMAS\MushROMs.SMAS.csproj", "{D80072DE-89AB-42CD-88E2-480B6162F3BA}"
EndProject
Project("{FAE04EC0-301F-11D3-BF4B-00C04F79EFBC}") = "MushROMs.SMB1", "MushROMs.SMB1\MushROMs.SMB1.csproj", "{AF0B7CF5-4B99-4633-AFE8-D9FC9A6C8094}"
EndProject
Project("{FAE04EC0-301F-11D3-BF4B-00C04F79EFBC}") = "MushROMs.NES", "MushROMs.NES\MushROMs.NES.csproj", "{7441B62D-3EC6-4742-954E-973A1FEED46D}"
EndProject
Project("{FAE04EC0-301F-11D3-BF4B-00C04F79EFBC}") = "Tests.SMB1", "Tests.SMB1\Tests.SMB1.csproj", "{C2981E05-E2A9-478C-A2B8-11AB41A9F2F6}"
EndProject
Project("{FAE04EC0-301F-11D3-BF4B-00C04F79EFBC}") = "MushROMs.SNES", "MushROMs.SNES\MushROMs.SNES.csproj", "{87AE3AA3-F4D5-4CA6-A500-D6D335406A3A}"
EndProject
Global
	GlobalSection(SolutionConfigurationPlatforms) = preSolution
		Debug|Any CPU = Debug|Any CPU
		Release|Any CPU = Release|Any CPU
	EndGlobalSection
	GlobalSection(ProjectConfigurationPlatforms) = postSolution
		{37465DD1-993C-46D2-A995-0E204A5BAFAA}.Debug|Any CPU.ActiveCfg = Debug|Any CPU
		{37465DD1-993C-46D2-A995-0E204A5BAFAA}.Debug|Any CPU.Build.0 = Debug|Any CPU
		{37465DD1-993C-46D2-A995-0E204A5BAFAA}.Release|Any CPU.ActiveCfg = Release|Any CPU
		{37465DD1-993C-46D2-A995-0E204A5BAFAA}.Release|Any CPU.Build.0 = Release|Any CPU
		{6E9940F3-99D2-4F1F-B476-F3B9964D1C76}.Debug|Any CPU.ActiveCfg = Debug|Any CPU
		{6E9940F3-99D2-4F1F-B476-F3B9964D1C76}.Debug|Any CPU.Build.0 = Debug|Any CPU
		{6E9940F3-99D2-4F1F-B476-F3B9964D1C76}.Release|Any CPU.ActiveCfg = Release|Any CPU
		{6E9940F3-99D2-4F1F-B476-F3B9964D1C76}.Release|Any CPU.Build.0 = Release|Any CPU
		{7D9C71EA-F33B-4654-9163-E3E5861996C8}.Debug|Any CPU.ActiveCfg = Debug|Any CPU
		{7D9C71EA-F33B-4654-9163-E3E5861996C8}.Debug|Any CPU.Build.0 = Debug|Any CPU
		{7D9C71EA-F33B-4654-9163-E3E5861996C8}.Release|Any CPU.ActiveCfg = Release|Any CPU
		{7D9C71EA-F33B-4654-9163-E3E5861996C8}.Release|Any CPU.Build.0 = Release|Any CPU
		{D80072DE-89AB-42CD-88E2-480B6162F3BA}.Debug|Any CPU.ActiveCfg = Debug|Any CPU
		{D80072DE-89AB-42CD-88E2-480B6162F3BA}.Debug|Any CPU.Build.0 = Debug|Any CPU
		{D80072DE-89AB-42CD-88E2-480B6162F3BA}.Release|Any CPU.ActiveCfg = Release|Any CPU
		{D80072DE-89AB-42CD-88E2-480B6162F3BA}.Release|Any CPU.Build.0 = Release|Any CPU
		{AF0B7CF5-4B99-4633-AFE8-D9FC9A6C8094}.Debug|Any CPU.ActiveCfg = Debug|Any CPU
		{AF0B7CF5-4B99-4633-AFE8-D9FC9A6C8094}.Debug|Any CPU.Build.0 = Debug|Any CPU
		{AF0B7CF5-4B99-4633-AFE8-D9FC9A6C8094}.Release|Any CPU.ActiveCfg = Release|Any CPU
		{AF0B7CF5-4B99-4633-AFE8-D9FC9A6C8094}.Release|Any CPU.Build.0 = Release|Any CPU
		{7441B62D-3EC6-4742-954E-973A1FEED46D}.Debug|Any CPU.ActiveCfg = Debug|Any CPU
		{7441B62D-3EC6-4742-954E-973A1FEED46D}.Debug|Any CPU.Build.0 = Debug|Any CPU
		{7441B62D-3EC6-4742-954E-973A1FEED46D}.Release|Any CPU.ActiveCfg = Release|Any CPU
		{7441B62D-3EC6-4742-954E-973A1FEED46D}.Release|Any CPU.Build.0 = Release|Any CPU
		{C2981E05-E2A9-478C-A2B8-11AB41A9F2F6}.Debug|Any CPU.ActiveCfg = Debug|Any CPU
		{C2981E05-E2A9-478C-A2B8-11AB41A9F2F6}.Debug|Any CPU.Build.0 = Debug|Any CPU
		{C2981E05-E2A9-478C-A2B8-11AB41A9F2F6}.Release|Any CPU.ActiveCfg = Release|Any CPU
		{C2981E05-E2A9-478C-A2B8-11AB41A9F2F6}.Release|Any CPU.Build.0 = Release|Any CPU
		{87AE3AA3-F4D5-4CA6-A500-D6D335406A3A}.Debug|Any CPU.ActiveCfg = Debug|Any CPU
		{87AE3AA3-F4D5-4CA6-A500-D6D335406A3A}.Debug|Any CPU.Build.0 = Debug|Any CPU
		{87AE3AA3-F4D5-4CA6-A500-D6D335406A3A}.Release|Any CPU.ActiveCfg = Release|Any CPU
		{87AE3AA3-F4D5-4CA6-A500-D6D335406A3A}.Release|Any CPU.Build.0 = Release|Any CPU
	EndGlobalSection
	GlobalSection(SolutionProperties) = preSolution
		HideSolutionNode = FALSE
	EndGlobalSection
	GlobalSection(ExtensibilityGlobals) = postSolution
		SolutionGuid = {063F66BF-76B6-4C65-AC15-37AA5C161AF6}
	EndGlobalSection
EndGlobal
