
Microsoft Visual Studio Solution File, Format Version 12.00
# Visual Studio 15
VisualStudioVersion = 15.0.27004.2005
MinimumVisualStudioVersion = 10.0.40219.1
Project("{FAE04EC0-301F-11D3-BF4B-00C04F79EFBC}") = "Helper", "Helper\Helper.csproj", "{6E9940F3-99D2-4F1F-B476-F3B9964D1C76}"
EndProject
Project("{FAE04EC0-301F-11D3-BF4B-00C04F79EFBC}") = "Tests.Helper", "Tests.Helper\Tests.Helper.csproj", "{7D9C71EA-F33B-4654-9163-E3E5861996C8}"
EndProject
Project("{FAE04EC0-301F-11D3-BF4B-00C04F79EFBC}") = "Controls", "Controls\Controls.csproj", "{CD3207D8-362C-4068-B6D1-3877359EF727}"
EndProject
Global
	GlobalSection(SolutionConfigurationPlatforms) = preSolution
		Debug|Any CPU = Debug|Any CPU
		Release|Any CPU = Release|Any CPU
	EndGlobalSection
	GlobalSection(ProjectConfigurationPlatforms) = postSolution
		{6E9940F3-99D2-4F1F-B476-F3B9964D1C76}.Debug|Any CPU.ActiveCfg = Debug|Any CPU
		{6E9940F3-99D2-4F1F-B476-F3B9964D1C76}.Debug|Any CPU.Build.0 = Debug|Any CPU
		{6E9940F3-99D2-4F1F-B476-F3B9964D1C76}.Release|Any CPU.ActiveCfg = Release|Any CPU
		{6E9940F3-99D2-4F1F-B476-F3B9964D1C76}.Release|Any CPU.Build.0 = Release|Any CPU
		{7D9C71EA-F33B-4654-9163-E3E5861996C8}.Debug|Any CPU.ActiveCfg = Debug|Any CPU
		{7D9C71EA-F33B-4654-9163-E3E5861996C8}.Debug|Any CPU.Build.0 = Debug|Any CPU
		{7D9C71EA-F33B-4654-9163-E3E5861996C8}.Release|Any CPU.ActiveCfg = Release|Any CPU
		{7D9C71EA-F33B-4654-9163-E3E5861996C8}.Release|Any CPU.Build.0 = Release|Any CPU
		{CD3207D8-362C-4068-B6D1-3877359EF727}.Debug|Any CPU.ActiveCfg = Debug|Any CPU
		{CD3207D8-362C-4068-B6D1-3877359EF727}.Debug|Any CPU.Build.0 = Debug|Any CPU
		{CD3207D8-362C-4068-B6D1-3877359EF727}.Release|Any CPU.ActiveCfg = Release|Any CPU
		{CD3207D8-362C-4068-B6D1-3877359EF727}.Release|Any CPU.Build.0 = Release|Any CPU
	EndGlobalSection
	GlobalSection(SolutionProperties) = preSolution
		HideSolutionNode = FALSE
	EndGlobalSection
	GlobalSection(ExtensibilityGlobals) = postSolution
		SolutionGuid = {063F66BF-76B6-4C65-AC15-37AA5C161AF6}
	EndGlobalSection
EndGlobal
